<?xml version="1.0" encoding="utf-8"?>
<Project ToolsVersion="18.0" xmlns="http://schemas.microsoft.com/developer/msbuild/2003">
  <ItemGroup>
    <ClCompile Include="C:\Users\maxmt\source\repos\Vee\veec\src\basic\APInt.cpp">
      <Filter>Source Files</Filter>
    </ClCompile>
    <ClCompile Include="C:\Users\maxmt\source\repos\Vee\veec\src\basic\BigInt.cpp">
      <Filter>Source Files</Filter>
    </ClCompile>
    <ClCompile Include="C:\Users\maxmt\source\repos\Vee\veec\src\basic\Arena.cpp">
      <Filter>Source Files</Filter>
    </ClCompile>
    <ClCompile Include="C:\Users\maxmt\source\repos\Vee\veec\src\basic\StringPool.cpp">
      <Filter>Source Files</Filter>
    </ClCompile>
    <ClCompile Include="C:\Users\maxmt\source\repos\Vee\veec\src\util\CharUtils.cpp">
      <Filter>Source Files</Filter>
    </ClCompile>
    <ClCompile Include="C:\Users\maxmt\source\repos\Vee\veec\src\source\SourceFile.cpp">
      <Filter>Source Files</Filter>
    </ClCompile>
    <ClCompile Include="C:\Users\maxmt\source\repos\Vee\veec\src\source\SourceManager.cpp">
      <Filter>Source Files</Filter>
    </ClCompile>
    <ClCompile Include="C:\Users\maxmt\source\repos\Vee\veec\src\lexing\Lexer.cpp">
      <Filter>Source Files</Filter>
    </ClCompile>
    <ClCompile Include="C:\Users\maxmt\source\repos\Vee\veec\src\parsing\Parser.cpp">
      <Filter>Source Files</Filter>
    </ClCompile>
    <ClCompile Include="C:\Users\maxmt\source\repos\Vee\veec\src\ast\AstNode.cpp">
      <Filter>Source Files</Filter>
    </ClCompile>
    <ClCompile Include="C:\Users\maxmt\source\repos\Vee\veec\src\ast\AstWalker.cpp">
      <Filter>Source Files</Filter>
    </ClCompile>
    <ClCompile Include="C:\Users\maxmt\source\repos\Vee\veec\src\ast\AstPrinter.cpp">
      <Filter>Source Files</Filter>
    </ClCompile>
    <ClCompile Include="C:\Users\maxmt\source\repos\Vee\veec\src\ast_passes\SymbolCollectionPass.cpp">
      <Filter>Source Files</Filter>
    </ClCompile>
    <ClCompile Include="C:\Users\maxmt\source\repos\Vee\veec\src\ast_passes\TopLevelUseResolutionPass.cpp">
      <Filter>Source Files</Filter>
    </ClCompile>
    <ClCompile Include="C:\Users\maxmt\source\repos\Vee\veec\src\ast_passes\SymbolResolutionPass.cpp">
      <Filter>Source Files</Filter>
    </ClCompile>
    <ClCompile Include="C:\Users\maxmt\source\repos\Vee\veec\src\ast_passes\TypeConstructionPass.cpp">
      <Filter>Source Files</Filter>
    </ClCompile>
    <ClCompile Include="C:\Users\maxmt\source\repos\Vee\veec\src\ast_passes\TypeInferencePass.cpp">
      <Filter>Source Files</Filter>
    </ClCompile>
    <ClCompile Include="C:\Users\maxmt\source\repos\Vee\veec\src\ast_passes\TypeCheckerPass.cpp">
      <Filter>Source Files</Filter>
    </ClCompile>
    <ClCompile Include="C:\Users\maxmt\source\repos\Vee\veec\src\sema\ScopeManager.cpp">
      <Filter>Source Files</Filter>
    </ClCompile>
    <ClCompile Include="C:\Users\maxmt\source\repos\Vee\veec\src\symbols\Symbol.cpp">
      <Filter>Source Files</Filter>
    </ClCompile>
    <ClCompile Include="C:\Users\maxmt\source\repos\Vee\veec\src\symbols\SymbolTable.cpp">
      <Filter>Source Files</Filter>
    </ClCompile>
    <ClCompile Include="C:\Users\maxmt\source\repos\Vee\veec\src\types\TypeTable.cpp">
      <Filter>Source Files</Filter>
    </ClCompile>
  </ItemGroup>
  <ItemGroup>
    <CustomBuild Include="C:\Users\maxmt\source\repos\Vee\veec\CMakeLists.txt" />
  </ItemGroup>
  <ItemGroup>
    <Filter Include="Source Files">
      <UniqueIdentifier>{DCEC2C3F-9040-303F-B20A-550A2EEACAC0}</UniqueIdentifier>
    </Filter>
  </ItemGroup>
</Project>
